
Microsoft Visual Studio Solution File, Format Version 12.00
# Visual Studio Version 17
VisualStudioVersion = 17.13.35806.99 d17.13
MinimumVisualStudioVersion = 10.0.40219.1
Project("{FAE04EC0-301F-11D3-BF4B-00C04F79EFBC}") = "control_threads_traffic_light", "control_threads_traffic_light.csproj", "{BDAAF4CE-4094-48F5-805B-0EF011B28D0A}"
EndProject
Global
	GlobalSection(SolutionConfigurationPlatforms) = preSolution
		Debug|Any CPU = Debug|Any CPU
		Release|Any CPU = Release|Any CPU
	EndGlobalSection
	GlobalSection(ProjectConfigurationPlatforms) = postSolution
		{BDAAF4CE-4094-48F5-805B-0EF011B28D0A}.Debug|Any CPU.ActiveCfg = Debug|Any CPU
		{BDAAF4CE-4094-48F5-805B-0EF011B28D0A}.Debug|Any CPU.Build.0 = Debug|Any CPU
		{BDAAF4CE-4094-48F5-805B-0EF011B28D0A}.Release|Any CPU.ActiveCfg = Release|Any CPU
		{BDAAF4CE-4094-48F5-805B-0EF011B28D0A}.Release|Any CPU.Build.0 = Release|Any CPU
	EndGlobalSection
	GlobalSection(SolutionProperties) = preSolution
		HideSolutionNode = FALSE
	EndGlobalSection
	GlobalSection(ExtensibilityGlobals) = postSolution
		SolutionGuid = {98D56467-E36F-498B-B22C-98829487BCFE}
	EndGlobalSection
EndGlobal
