
Microsoft Visual Studio Solution File, Format Version 12.00
# Visual Studio Version 17
VisualStudioVersion = 17.13.35806.99 d17.13
MinimumVisualStudioVersion = 10.0.40219.1
Project("{FAE04EC0-301F-11D3-BF4B-00C04F79EFBC}") = "valuetask_and_valuetask_t", "valuetask_and_valuetask_t.csproj", "{28125086-127B-438F-9135-508E0E5F2611}"
EndProject
Global
	GlobalSection(SolutionConfigurationPlatforms) = preSolution
		Debug|Any CPU = Debug|Any CPU
		Release|Any CPU = Release|Any CPU
	EndGlobalSection
	GlobalSection(ProjectConfigurationPlatforms) = postSolution
		{28125086-127B-438F-9135-508E0E5F2611}.Debug|Any CPU.ActiveCfg = Debug|Any CPU
		{28125086-127B-438F-9135-508E0E5F2611}.Debug|Any CPU.Build.0 = Debug|Any CPU
		{28125086-127B-438F-9135-508E0E5F2611}.Release|Any CPU.ActiveCfg = Release|Any CPU
		{28125086-127B-438F-9135-508E0E5F2611}.Release|Any CPU.Build.0 = Release|Any CPU
	EndGlobalSection
	GlobalSection(SolutionProperties) = preSolution
		HideSolutionNode = FALSE
	EndGlobalSection
	GlobalSection(ExtensibilityGlobals) = postSolution
		SolutionGuid = {CD6C9BAA-B423-42C3-A17B-7D276840CAC7}
	EndGlobalSection
EndGlobal
