
Microsoft Visual Studio Solution File, Format Version 12.00
Project("{FAE04EC0-301F-11D3-BF4B-00C04F79EFBC}") = "try-catch-finally-example", "try-catch-finally-example\try-catch-finally-example.csproj", "{A22DB620-214E-431D-B310-C4023C3BE38B}"
EndProject
Global
	GlobalSection(SolutionConfigurationPlatforms) = preSolution
		Debug|Any CPU = Debug|Any CPU
		Release|Any CPU = Release|Any CPU
	EndGlobalSection
	GlobalSection(ProjectConfigurationPlatforms) = postSolution
		{A22DB620-214E-431D-B310-C4023C3BE38B}.Debug|Any CPU.ActiveCfg = Debug|Any CPU
		{A22DB620-214E-431D-B310-C4023C3BE38B}.Debug|Any CPU.Build.0 = Debug|Any CPU
		{A22DB620-214E-431D-B310-C4023C3BE38B}.Release|Any CPU.ActiveCfg = Release|Any CPU
		{A22DB620-214E-431D-B310-C4023C3BE38B}.Release|Any CPU.Build.0 = Release|Any CPU
	EndGlobalSection
EndGlobal
