
Microsoft Visual Studio Solution File, Format Version 12.00
# Visual Studio Version 17
VisualStudioVersion = 17.7.34031.279
MinimumVisualStudioVersion = 10.0.40219.1
Project("{9A19103F-16F7-4668-BE54-9A1E7A4F7556}") = "ClassesEMetodos", "ClassesEMetodos\ClassesEMetodos.csproj", "{D2587AE5-E969-445E-A8A8-407FEF0DDB88}"
EndProject
Project("{9A19103F-16F7-4668-BE54-9A1E7A4F7556}") = "AlocacaoMemoria", "AlocacaoMemoria\AlocacaoMemoria.csproj", "{16CA3100-6479-4209-9913-56583760BA0F}"
EndProject
Project("{9A19103F-16F7-4668-BE54-9A1E7A4F7556}") = "Metodos", "Metodos\Metodos.csproj", "{84A1E43B-3FE7-49E0-84AF-C0F258B120A0}"
EndProject
Project("{9A19103F-16F7-4668-BE54-9A1E7A4F7556}") = "MetodoComParametros", "MetodoComParametros\MetodoComParametros.csproj", "{B7638E99-E9BB-456B-82A2-92707ED83477}"
EndProject
Project("{9A19103F-16F7-4668-BE54-9A1E7A4F7556}") = "MetodosEntreClasses", "MetodosEntreClasses\MetodosEntreClasses.csproj", "{6FCD19F1-1BED-47B1-9595-3F59F9C01F1A}"
EndProject
Project("{9A19103F-16F7-4668-BE54-9A1E7A4F7556}") = "ParametrosEntreClasses", "ParametrosEntreClasses\ParametrosEntreClasses.csproj", "{3C9A058A-3B87-4CD0-AEA1-C9EFA7DEF28F}"
EndProject
Project("{FAE04EC0-301F-11D3-BF4B-00C04F79EFBC}") = "Construtores", "Construtores\Construtores.csproj", "{6751443F-F151-454C-911A-871B4197AA9E}"
EndProject
Project("{FAE04EC0-301F-11D3-BF4B-00C04F79EFBC}") = "ConstrutorII", "ConstrutorII\ConstrutorII.csproj", "{EFF1E0DB-494D-455F-864E-D23174713B4F}"
EndProject
Project("{FAE04EC0-301F-11D3-BF4B-00C04F79EFBC}") = "This", "This\This.csproj", "{7A7CAE45-0F54-44CC-A356-E7931D180C27}"
EndProject
Global
	GlobalSection(SolutionConfigurationPlatforms) = preSolution
		Debug|Any CPU = Debug|Any CPU
		Release|Any CPU = Release|Any CPU
	EndGlobalSection
	GlobalSection(ProjectConfigurationPlatforms) = postSolution
		{D2587AE5-E969-445E-A8A8-407FEF0DDB88}.Debug|Any CPU.ActiveCfg = Debug|Any CPU
		{D2587AE5-E969-445E-A8A8-407FEF0DDB88}.Debug|Any CPU.Build.0 = Debug|Any CPU
		{D2587AE5-E969-445E-A8A8-407FEF0DDB88}.Release|Any CPU.ActiveCfg = Release|Any CPU
		{D2587AE5-E969-445E-A8A8-407FEF0DDB88}.Release|Any CPU.Build.0 = Release|Any CPU
		{16CA3100-6479-4209-9913-56583760BA0F}.Debug|Any CPU.ActiveCfg = Debug|Any CPU
		{16CA3100-6479-4209-9913-56583760BA0F}.Debug|Any CPU.Build.0 = Debug|Any CPU
		{16CA3100-6479-4209-9913-56583760BA0F}.Release|Any CPU.ActiveCfg = Release|Any CPU
		{16CA3100-6479-4209-9913-56583760BA0F}.Release|Any CPU.Build.0 = Release|Any CPU
		{84A1E43B-3FE7-49E0-84AF-C0F258B120A0}.Debug|Any CPU.ActiveCfg = Debug|Any CPU
		{84A1E43B-3FE7-49E0-84AF-C0F258B120A0}.Debug|Any CPU.Build.0 = Debug|Any CPU
		{84A1E43B-3FE7-49E0-84AF-C0F258B120A0}.Release|Any CPU.ActiveCfg = Release|Any CPU
		{84A1E43B-3FE7-49E0-84AF-C0F258B120A0}.Release|Any CPU.Build.0 = Release|Any CPU
		{B7638E99-E9BB-456B-82A2-92707ED83477}.Debug|Any CPU.ActiveCfg = Debug|Any CPU
		{B7638E99-E9BB-456B-82A2-92707ED83477}.Debug|Any CPU.Build.0 = Debug|Any CPU
		{B7638E99-E9BB-456B-82A2-92707ED83477}.Release|Any CPU.ActiveCfg = Release|Any CPU
		{B7638E99-E9BB-456B-82A2-92707ED83477}.Release|Any CPU.Build.0 = Release|Any CPU
		{6FCD19F1-1BED-47B1-9595-3F59F9C01F1A}.Debug|Any CPU.ActiveCfg = Debug|Any CPU
		{6FCD19F1-1BED-47B1-9595-3F59F9C01F1A}.Debug|Any CPU.Build.0 = Debug|Any CPU
		{6FCD19F1-1BED-47B1-9595-3F59F9C01F1A}.Release|Any CPU.ActiveCfg = Release|Any CPU
		{6FCD19F1-1BED-47B1-9595-3F59F9C01F1A}.Release|Any CPU.Build.0 = Release|Any CPU
		{3C9A058A-3B87-4CD0-AEA1-C9EFA7DEF28F}.Debug|Any CPU.ActiveCfg = Debug|Any CPU
		{3C9A058A-3B87-4CD0-AEA1-C9EFA7DEF28F}.Debug|Any CPU.Build.0 = Debug|Any CPU
		{3C9A058A-3B87-4CD0-AEA1-C9EFA7DEF28F}.Release|Any CPU.ActiveCfg = Release|Any CPU
		{3C9A058A-3B87-4CD0-AEA1-C9EFA7DEF28F}.Release|Any CPU.Build.0 = Release|Any CPU
		{6751443F-F151-454C-911A-871B4197AA9E}.Debug|Any CPU.ActiveCfg = Debug|Any CPU
		{6751443F-F151-454C-911A-871B4197AA9E}.Debug|Any CPU.Build.0 = Debug|Any CPU
		{6751443F-F151-454C-911A-871B4197AA9E}.Release|Any CPU.ActiveCfg = Release|Any CPU
		{6751443F-F151-454C-911A-871B4197AA9E}.Release|Any CPU.Build.0 = Release|Any CPU
		{EFF1E0DB-494D-455F-864E-D23174713B4F}.Debug|Any CPU.ActiveCfg = Debug|Any CPU
		{EFF1E0DB-494D-455F-864E-D23174713B4F}.Debug|Any CPU.Build.0 = Debug|Any CPU
		{EFF1E0DB-494D-455F-864E-D23174713B4F}.Release|Any CPU.ActiveCfg = Release|Any CPU
		{EFF1E0DB-494D-455F-864E-D23174713B4F}.Release|Any CPU.Build.0 = Release|Any CPU
		{7A7CAE45-0F54-44CC-A356-E7931D180C27}.Debug|Any CPU.ActiveCfg = Debug|Any CPU
		{7A7CAE45-0F54-44CC-A356-E7931D180C27}.Debug|Any CPU.Build.0 = Debug|Any CPU
		{7A7CAE45-0F54-44CC-A356-E7931D180C27}.Release|Any CPU.ActiveCfg = Release|Any CPU
		{7A7CAE45-0F54-44CC-A356-E7931D180C27}.Release|Any CPU.Build.0 = Release|Any CPU
	EndGlobalSection
	GlobalSection(SolutionProperties) = preSolution
		HideSolutionNode = FALSE
	EndGlobalSection
	GlobalSection(ExtensibilityGlobals) = postSolution
		SolutionGuid = {CB3A8055-BE3E-4D85-A57B-9953D031FA6F}
	EndGlobalSection
EndGlobal
