
Microsoft Visual Studio Solution File, Format Version 12.00
# Visual Studio Version 17
VisualStudioVersion = 17.7.34031.279
MinimumVisualStudioVersion = 10.0.40219.1
Project("{9A19103F-16F7-4668-BE54-9A1E7A4F7556}") = "ClassesEMetodos", "ClassesEMetodos\ClassesEMetodos.csproj", "{D2587AE5-E969-445E-A8A8-407FEF0DDB88}"
EndProject
Project("{9A19103F-16F7-4668-BE54-9A1E7A4F7556}") = "AlocacaoMemoria", "AlocacaoMemoria\AlocacaoMemoria.csproj", "{16CA3100-6479-4209-9913-56583760BA0F}"
EndProject
Project("{9A19103F-16F7-4668-BE54-9A1E7A4F7556}") = "Metodos", "Metodos\Metodos.csproj", "{84A1E43B-3FE7-49E0-84AF-C0F258B120A0}"
EndProject
Project("{9A19103F-16F7-4668-BE54-9A1E7A4F7556}") = "MetodoComParametros", "MetodoComParametros\MetodoComParametros.csproj", "{B7638E99-E9BB-456B-82A2-92707ED83477}"
EndProject
Project("{9A19103F-16F7-4668-BE54-9A1E7A4F7556}") = "MetodosEntreClasses", "MetodosEntreClasses\MetodosEntreClasses.csproj", "{6FCD19F1-1BED-47B1-9595-3F59F9C01F1A}"
EndProject
Project("{9A19103F-16F7-4668-BE54-9A1E7A4F7556}") = "ParametrosEntreClasses", "ParametrosEntreClasses\ParametrosEntreClasses.csproj", "{3C9A058A-3B87-4CD0-AEA1-C9EFA7DEF28F}"
EndProject
Project("{9A19103F-16F7-4668-BE54-9A1E7A4F7556}") = "Construtores", "Construtores\Construtores.csproj", "{6751443F-F151-454C-911A-871B4197AA9E}"
EndProject
Project("{9A19103F-16F7-4668-BE54-9A1E7A4F7556}") = "ConstrutorII", "ConstrutorII\ConstrutorII.csproj", "{EFF1E0DB-494D-455F-864E-D23174713B4F}"
EndProject
Project("{9A19103F-16F7-4668-BE54-9A1E7A4F7556}") = "This", "This\This.csproj", "{7A7CAE45-0F54-44CC-A356-E7931D180C27}"
EndProject
Project("{9A19103F-16F7-4668-BE54-9A1E7A4F7556}") = "Exercicio1ClassesEMetodos", "Exercicio1ClassesEMetodos\Exercicio1ClassesEMetodos.csproj", "{8092F749-0DFF-4B23-86B1-2EA3D4BE7A41}"
EndProject
Project("{9A19103F-16F7-4668-BE54-9A1E7A4F7556}") = "MetodosRetorno", "MetodosRetorno\MetodosRetorno.csproj", "{6994FFE2-085F-44B4-A5B0-68C29CF0908E}"
EndProject
Project("{9A19103F-16F7-4668-BE54-9A1E7A4F7556}") = "ExercicioPratico2", "ExercicioPratico2\ExercicioPratico2.csproj", "{5F6E04E7-67D6-4E49-ADFD-4F161BEB2267}"
EndProject
Project("{9A19103F-16F7-4668-BE54-9A1E7A4F7556}") = "AssinaturaMetodo", "AssinaturaMetodo\AssinaturaMetodo.csproj", "{A36D01EE-B1CA-4B9F-AF44-573C84B194C1}"
EndProject
Project("{9A19103F-16F7-4668-BE54-9A1E7A4F7556}") = "ExemploPratico1", "ExemploPratico1\ExemploPratico1.csproj", "{B74A376B-9E55-44A6-B7B0-03F2774B0CE3}"
EndProject
Project("{9A19103F-16F7-4668-BE54-9A1E7A4F7556}") = "ArgumentosPorValorEReferencia", "ArgumentosPorValorEReferencia\ArgumentosPorValorEReferencia.csproj", "{AEE8A534-D861-4AF3-A1D0-93E9BB6F5C5F}"
EndProject
Project("{9A19103F-16F7-4668-BE54-9A1E7A4F7556}") = "PassagemDeArgumentosPoReferenciaRef", "PassagemDeArgumentosPoReferenciaRef\PassagemDeArgumentosPoReferenciaRef.csproj", "{00A38219-7053-4CF8-BA0D-2F0A4BA16123}"
EndProject
Project("{9A19103F-16F7-4668-BE54-9A1E7A4F7556}") = "ReferenciaOUT", "ReferenciaOUT\ReferenciaOUT.csproj", "{1F5379A5-3F69-46C8-97A3-AC2629BEB401}"
EndProject
Project("{9A19103F-16F7-4668-BE54-9A1E7A4F7556}") = "ExercicioPratico4", "ExercicioPratico4\ExercicioPratico4.csproj", "{857889F0-80B0-4F3D-A341-42A50D8528CC}"
EndProject
Project("{9A19103F-16F7-4668-BE54-9A1E7A4F7556}") = "ArgumentosNomeados", "ArgumentosNomeados\ArgumentosNomeados.csproj", "{67B1F7D6-4C67-40AB-8D0C-62AD13E75FD8}"
EndProject
Project("{9A19103F-16F7-4668-BE54-9A1E7A4F7556}") = "ParametrosOpcionais", "ParametrosOpcionais\ParametrosOpcionais.csproj", "{58708203-D791-4BC8-907C-3FBC50DBD299}"
EndProject
Project("{9A19103F-16F7-4668-BE54-9A1E7A4F7556}") = "ExercicioPraticoV", "ExercicioPraticoV\ExercicioPraticoV.csproj", "{DC1B7695-9685-412B-BBAF-8BAA992A3F25}"
EndProject
Project("{9A19103F-16F7-4668-BE54-9A1E7A4F7556}") = "MetodosEstaticos", "MetodosEstaticos\MetodosEstaticos.csproj", "{314F6EA9-823F-4D47-982A-6B3D1C166C91}"
EndProject
Project("{9A19103F-16F7-4668-BE54-9A1E7A4F7556}") = "CamposEstaticos", "CamposEstaticos\CamposEstaticos.csproj", "{C66B4CF4-D8F1-46D1-8DE9-F2597F8C20A3}"
EndProject
Project("{9A19103F-16F7-4668-BE54-9A1E7A4F7556}") = "CamposEstaticosExercicio", "CamposEstaticosExercicio\CamposEstaticosExercicio.csproj", "{41AE3CBF-4803-42B2-9813-89ABACEAEF82}"
EndProject
Project("{9A19103F-16F7-4668-BE54-9A1E7A4F7556}") = "ExercicioPratico6", "ExercicioPratico6\ExercicioPratico6.csproj", "{99277412-6064-45EF-A8A9-5B17B88E7E9A}"
EndProject
Project("{9A19103F-16F7-4668-BE54-9A1E7A4F7556}") = "Propriedades", "Propriedades\Propriedades.csproj", "{5EC81349-C3F6-4528-902D-A81E1A89084A}"
EndProject
Project("{9A19103F-16F7-4668-BE54-9A1E7A4F7556}") = "ExercicioPropriedades", "ExercicioPropriedades\ExercicioPropriedades.csproj", "{C7C3F2AC-7D24-45AB-8587-2A6F8C2BD847}"
EndProject
Project("{9A19103F-16F7-4668-BE54-9A1E7A4F7556}") = "structs", "structs\structs.csproj", "{2554081F-56FF-4DB3-B88A-57CD41575093}"
EndProject
Project("{9A19103F-16F7-4668-BE54-9A1E7A4F7556}") = "ExercicioPratico8Struct", "ExercicioPratico8Struct\ExercicioPratico8Struct.csproj", "{BD342BFB-CD4C-4102-80C1-F7C33185B3A9}"
EndProject
Project("{9A19103F-16F7-4668-BE54-9A1E7A4F7556}") = "Enum", "Enum\Enum.csproj", "{DF976DEC-DA8F-4933-91B4-CB07D5A2850E}"
EndProject
Project("{9A19103F-16F7-4668-BE54-9A1E7A4F7556}") = "ExemploEnum", "ExemploEnum\ExemploEnum.csproj", "{F38C638C-BD91-4237-B295-024BAA59E292}"
EndProject
Project("{9A19103F-16F7-4668-BE54-9A1E7A4F7556}") = "ExercicioPratico9", "ExercicioPratico9\ExercicioPratico9.csproj", "{0DC8892F-1076-4893-8AC7-9CE43F94ACCA}"
EndProject
Project("{9A19103F-16F7-4668-BE54-9A1E7A4F7556}") = "ModificadoresDeAcesso", "ModificadoresDeAcesso\ModificadoresDeAcesso.csproj", "{7EDF6F41-52C3-4A16-9E78-93A871334AF7}"
EndProject
Project("{9A19103F-16F7-4668-BE54-9A1E7A4F7556}") = "ExercicioPratico10", "ExercicioPratico10\ExercicioPratico10.csproj", "{EE699A86-FFDF-4B5C-809C-DF9D5C6949E5}"
EndProject
Project("{9A19103F-16F7-4668-BE54-9A1E7A4F7556}") = "TryCatch", "TryCatch\TryCatch.csproj", "{CE1FF7AC-575E-4FC6-9D1A-906EE6FA1FE1}"
EndProject
Project("{9A19103F-16F7-4668-BE54-9A1E7A4F7556}") = "TiposAnonimos", "TiposAnonimos\TiposAnonimos.csproj", "{BFD599C1-460C-4DB3-A256-D6D3BDBDF9CF}"
EndProject
Project("{9A19103F-16F7-4668-BE54-9A1E7A4F7556}") = "PartialClass", "PartialClass\PartialClass.csproj", "{C020BDF1-9E94-4D46-A817-D4C2B97DC2D7}"
EndProject
Project("{FAE04EC0-301F-11D3-BF4B-00C04F79EFBC}") = "ExerciseMaxAge", "ExerciseMaxAge\ExerciseMaxAge.csproj", "{BB84BF95-3DB7-461C-9A02-16E214077F2B}"
EndProject
Project("{FAE04EC0-301F-11D3-BF4B-00C04F79EFBC}") = "ControlAnimals", "ControlAnimals\ControlAnimals.csproj", "{AFEAF06E-F1A4-4901-85BA-9351ADB104B4}"
EndProject
Global
	GlobalSection(SolutionConfigurationPlatforms) = preSolution
		Debug|Any CPU = Debug|Any CPU
		Release|Any CPU = Release|Any CPU
	EndGlobalSection
	GlobalSection(ProjectConfigurationPlatforms) = postSolution
		{D2587AE5-E969-445E-A8A8-407FEF0DDB88}.Debug|Any CPU.ActiveCfg = Debug|Any CPU
		{D2587AE5-E969-445E-A8A8-407FEF0DDB88}.Debug|Any CPU.Build.0 = Debug|Any CPU
		{D2587AE5-E969-445E-A8A8-407FEF0DDB88}.Release|Any CPU.ActiveCfg = Release|Any CPU
		{D2587AE5-E969-445E-A8A8-407FEF0DDB88}.Release|Any CPU.Build.0 = Release|Any CPU
		{16CA3100-6479-4209-9913-56583760BA0F}.Debug|Any CPU.ActiveCfg = Debug|Any CPU
		{16CA3100-6479-4209-9913-56583760BA0F}.Debug|Any CPU.Build.0 = Debug|Any CPU
		{16CA3100-6479-4209-9913-56583760BA0F}.Release|Any CPU.ActiveCfg = Release|Any CPU
		{16CA3100-6479-4209-9913-56583760BA0F}.Release|Any CPU.Build.0 = Release|Any CPU
		{84A1E43B-3FE7-49E0-84AF-C0F258B120A0}.Debug|Any CPU.ActiveCfg = Debug|Any CPU
		{84A1E43B-3FE7-49E0-84AF-C0F258B120A0}.Debug|Any CPU.Build.0 = Debug|Any CPU
		{84A1E43B-3FE7-49E0-84AF-C0F258B120A0}.Release|Any CPU.ActiveCfg = Release|Any CPU
		{84A1E43B-3FE7-49E0-84AF-C0F258B120A0}.Release|Any CPU.Build.0 = Release|Any CPU
		{B7638E99-E9BB-456B-82A2-92707ED83477}.Debug|Any CPU.ActiveCfg = Debug|Any CPU
		{B7638E99-E9BB-456B-82A2-92707ED83477}.Debug|Any CPU.Build.0 = Debug|Any CPU
		{B7638E99-E9BB-456B-82A2-92707ED83477}.Release|Any CPU.ActiveCfg = Release|Any CPU
		{B7638E99-E9BB-456B-82A2-92707ED83477}.Release|Any CPU.Build.0 = Release|Any CPU
		{6FCD19F1-1BED-47B1-9595-3F59F9C01F1A}.Debug|Any CPU.ActiveCfg = Debug|Any CPU
		{6FCD19F1-1BED-47B1-9595-3F59F9C01F1A}.Debug|Any CPU.Build.0 = Debug|Any CPU
		{6FCD19F1-1BED-47B1-9595-3F59F9C01F1A}.Release|Any CPU.ActiveCfg = Release|Any CPU
		{6FCD19F1-1BED-47B1-9595-3F59F9C01F1A}.Release|Any CPU.Build.0 = Release|Any CPU
		{3C9A058A-3B87-4CD0-AEA1-C9EFA7DEF28F}.Debug|Any CPU.ActiveCfg = Debug|Any CPU
		{3C9A058A-3B87-4CD0-AEA1-C9EFA7DEF28F}.Debug|Any CPU.Build.0 = Debug|Any CPU
		{3C9A058A-3B87-4CD0-AEA1-C9EFA7DEF28F}.Release|Any CPU.ActiveCfg = Release|Any CPU
		{3C9A058A-3B87-4CD0-AEA1-C9EFA7DEF28F}.Release|Any CPU.Build.0 = Release|Any CPU
		{6751443F-F151-454C-911A-871B4197AA9E}.Debug|Any CPU.ActiveCfg = Debug|Any CPU
		{6751443F-F151-454C-911A-871B4197AA9E}.Debug|Any CPU.Build.0 = Debug|Any CPU
		{6751443F-F151-454C-911A-871B4197AA9E}.Release|Any CPU.ActiveCfg = Release|Any CPU
		{6751443F-F151-454C-911A-871B4197AA9E}.Release|Any CPU.Build.0 = Release|Any CPU
		{EFF1E0DB-494D-455F-864E-D23174713B4F}.Debug|Any CPU.ActiveCfg = Debug|Any CPU
		{EFF1E0DB-494D-455F-864E-D23174713B4F}.Debug|Any CPU.Build.0 = Debug|Any CPU
		{EFF1E0DB-494D-455F-864E-D23174713B4F}.Release|Any CPU.ActiveCfg = Release|Any CPU
		{EFF1E0DB-494D-455F-864E-D23174713B4F}.Release|Any CPU.Build.0 = Release|Any CPU
		{7A7CAE45-0F54-44CC-A356-E7931D180C27}.Debug|Any CPU.ActiveCfg = Debug|Any CPU
		{7A7CAE45-0F54-44CC-A356-E7931D180C27}.Debug|Any CPU.Build.0 = Debug|Any CPU
		{7A7CAE45-0F54-44CC-A356-E7931D180C27}.Release|Any CPU.ActiveCfg = Release|Any CPU
		{7A7CAE45-0F54-44CC-A356-E7931D180C27}.Release|Any CPU.Build.0 = Release|Any CPU
		{8092F749-0DFF-4B23-86B1-2EA3D4BE7A41}.Debug|Any CPU.ActiveCfg = Debug|Any CPU
		{8092F749-0DFF-4B23-86B1-2EA3D4BE7A41}.Debug|Any CPU.Build.0 = Debug|Any CPU
		{8092F749-0DFF-4B23-86B1-2EA3D4BE7A41}.Release|Any CPU.ActiveCfg = Release|Any CPU
		{8092F749-0DFF-4B23-86B1-2EA3D4BE7A41}.Release|Any CPU.Build.0 = Release|Any CPU
		{6994FFE2-085F-44B4-A5B0-68C29CF0908E}.Debug|Any CPU.ActiveCfg = Debug|Any CPU
		{6994FFE2-085F-44B4-A5B0-68C29CF0908E}.Debug|Any CPU.Build.0 = Debug|Any CPU
		{6994FFE2-085F-44B4-A5B0-68C29CF0908E}.Release|Any CPU.ActiveCfg = Release|Any CPU
		{6994FFE2-085F-44B4-A5B0-68C29CF0908E}.Release|Any CPU.Build.0 = Release|Any CPU
		{5F6E04E7-67D6-4E49-ADFD-4F161BEB2267}.Debug|Any CPU.ActiveCfg = Debug|Any CPU
		{5F6E04E7-67D6-4E49-ADFD-4F161BEB2267}.Debug|Any CPU.Build.0 = Debug|Any CPU
		{5F6E04E7-67D6-4E49-ADFD-4F161BEB2267}.Release|Any CPU.ActiveCfg = Release|Any CPU
		{5F6E04E7-67D6-4E49-ADFD-4F161BEB2267}.Release|Any CPU.Build.0 = Release|Any CPU
		{A36D01EE-B1CA-4B9F-AF44-573C84B194C1}.Debug|Any CPU.ActiveCfg = Debug|Any CPU
		{A36D01EE-B1CA-4B9F-AF44-573C84B194C1}.Debug|Any CPU.Build.0 = Debug|Any CPU
		{A36D01EE-B1CA-4B9F-AF44-573C84B194C1}.Release|Any CPU.ActiveCfg = Release|Any CPU
		{A36D01EE-B1CA-4B9F-AF44-573C84B194C1}.Release|Any CPU.Build.0 = Release|Any CPU
		{B74A376B-9E55-44A6-B7B0-03F2774B0CE3}.Debug|Any CPU.ActiveCfg = Debug|Any CPU
		{B74A376B-9E55-44A6-B7B0-03F2774B0CE3}.Debug|Any CPU.Build.0 = Debug|Any CPU
		{B74A376B-9E55-44A6-B7B0-03F2774B0CE3}.Release|Any CPU.ActiveCfg = Release|Any CPU
		{B74A376B-9E55-44A6-B7B0-03F2774B0CE3}.Release|Any CPU.Build.0 = Release|Any CPU
		{AEE8A534-D861-4AF3-A1D0-93E9BB6F5C5F}.Debug|Any CPU.ActiveCfg = Debug|Any CPU
		{AEE8A534-D861-4AF3-A1D0-93E9BB6F5C5F}.Debug|Any CPU.Build.0 = Debug|Any CPU
		{AEE8A534-D861-4AF3-A1D0-93E9BB6F5C5F}.Release|Any CPU.ActiveCfg = Release|Any CPU
		{AEE8A534-D861-4AF3-A1D0-93E9BB6F5C5F}.Release|Any CPU.Build.0 = Release|Any CPU
		{00A38219-7053-4CF8-BA0D-2F0A4BA16123}.Debug|Any CPU.ActiveCfg = Debug|Any CPU
		{00A38219-7053-4CF8-BA0D-2F0A4BA16123}.Debug|Any CPU.Build.0 = Debug|Any CPU
		{00A38219-7053-4CF8-BA0D-2F0A4BA16123}.Release|Any CPU.ActiveCfg = Release|Any CPU
		{00A38219-7053-4CF8-BA0D-2F0A4BA16123}.Release|Any CPU.Build.0 = Release|Any CPU
		{1F5379A5-3F69-46C8-97A3-AC2629BEB401}.Debug|Any CPU.ActiveCfg = Debug|Any CPU
		{1F5379A5-3F69-46C8-97A3-AC2629BEB401}.Debug|Any CPU.Build.0 = Debug|Any CPU
		{1F5379A5-3F69-46C8-97A3-AC2629BEB401}.Release|Any CPU.ActiveCfg = Release|Any CPU
		{1F5379A5-3F69-46C8-97A3-AC2629BEB401}.Release|Any CPU.Build.0 = Release|Any CPU
		{857889F0-80B0-4F3D-A341-42A50D8528CC}.Debug|Any CPU.ActiveCfg = Debug|Any CPU
		{857889F0-80B0-4F3D-A341-42A50D8528CC}.Debug|Any CPU.Build.0 = Debug|Any CPU
		{857889F0-80B0-4F3D-A341-42A50D8528CC}.Release|Any CPU.ActiveCfg = Release|Any CPU
		{857889F0-80B0-4F3D-A341-42A50D8528CC}.Release|Any CPU.Build.0 = Release|Any CPU
		{67B1F7D6-4C67-40AB-8D0C-62AD13E75FD8}.Debug|Any CPU.ActiveCfg = Debug|Any CPU
		{67B1F7D6-4C67-40AB-8D0C-62AD13E75FD8}.Debug|Any CPU.Build.0 = Debug|Any CPU
		{67B1F7D6-4C67-40AB-8D0C-62AD13E75FD8}.Release|Any CPU.ActiveCfg = Release|Any CPU
		{67B1F7D6-4C67-40AB-8D0C-62AD13E75FD8}.Release|Any CPU.Build.0 = Release|Any CPU
		{58708203-D791-4BC8-907C-3FBC50DBD299}.Debug|Any CPU.ActiveCfg = Debug|Any CPU
		{58708203-D791-4BC8-907C-3FBC50DBD299}.Debug|Any CPU.Build.0 = Debug|Any CPU
		{58708203-D791-4BC8-907C-3FBC50DBD299}.Release|Any CPU.ActiveCfg = Release|Any CPU
		{58708203-D791-4BC8-907C-3FBC50DBD299}.Release|Any CPU.Build.0 = Release|Any CPU
		{DC1B7695-9685-412B-BBAF-8BAA992A3F25}.Debug|Any CPU.ActiveCfg = Debug|Any CPU
		{DC1B7695-9685-412B-BBAF-8BAA992A3F25}.Debug|Any CPU.Build.0 = Debug|Any CPU
		{DC1B7695-9685-412B-BBAF-8BAA992A3F25}.Release|Any CPU.ActiveCfg = Release|Any CPU
		{DC1B7695-9685-412B-BBAF-8BAA992A3F25}.Release|Any CPU.Build.0 = Release|Any CPU
		{314F6EA9-823F-4D47-982A-6B3D1C166C91}.Debug|Any CPU.ActiveCfg = Debug|Any CPU
		{314F6EA9-823F-4D47-982A-6B3D1C166C91}.Debug|Any CPU.Build.0 = Debug|Any CPU
		{314F6EA9-823F-4D47-982A-6B3D1C166C91}.Release|Any CPU.ActiveCfg = Release|Any CPU
		{314F6EA9-823F-4D47-982A-6B3D1C166C91}.Release|Any CPU.Build.0 = Release|Any CPU
		{C66B4CF4-D8F1-46D1-8DE9-F2597F8C20A3}.Debug|Any CPU.ActiveCfg = Debug|Any CPU
		{C66B4CF4-D8F1-46D1-8DE9-F2597F8C20A3}.Debug|Any CPU.Build.0 = Debug|Any CPU
		{C66B4CF4-D8F1-46D1-8DE9-F2597F8C20A3}.Release|Any CPU.ActiveCfg = Release|Any CPU
		{C66B4CF4-D8F1-46D1-8DE9-F2597F8C20A3}.Release|Any CPU.Build.0 = Release|Any CPU
		{41AE3CBF-4803-42B2-9813-89ABACEAEF82}.Debug|Any CPU.ActiveCfg = Debug|Any CPU
		{41AE3CBF-4803-42B2-9813-89ABACEAEF82}.Debug|Any CPU.Build.0 = Debug|Any CPU
		{41AE3CBF-4803-42B2-9813-89ABACEAEF82}.Release|Any CPU.ActiveCfg = Release|Any CPU
		{41AE3CBF-4803-42B2-9813-89ABACEAEF82}.Release|Any CPU.Build.0 = Release|Any CPU
		{99277412-6064-45EF-A8A9-5B17B88E7E9A}.Debug|Any CPU.ActiveCfg = Debug|Any CPU
		{99277412-6064-45EF-A8A9-5B17B88E7E9A}.Debug|Any CPU.Build.0 = Debug|Any CPU
		{99277412-6064-45EF-A8A9-5B17B88E7E9A}.Release|Any CPU.ActiveCfg = Release|Any CPU
		{99277412-6064-45EF-A8A9-5B17B88E7E9A}.Release|Any CPU.Build.0 = Release|Any CPU
		{5EC81349-C3F6-4528-902D-A81E1A89084A}.Debug|Any CPU.ActiveCfg = Debug|Any CPU
		{5EC81349-C3F6-4528-902D-A81E1A89084A}.Debug|Any CPU.Build.0 = Debug|Any CPU
		{5EC81349-C3F6-4528-902D-A81E1A89084A}.Release|Any CPU.ActiveCfg = Release|Any CPU
		{5EC81349-C3F6-4528-902D-A81E1A89084A}.Release|Any CPU.Build.0 = Release|Any CPU
		{C7C3F2AC-7D24-45AB-8587-2A6F8C2BD847}.Debug|Any CPU.ActiveCfg = Debug|Any CPU
		{C7C3F2AC-7D24-45AB-8587-2A6F8C2BD847}.Debug|Any CPU.Build.0 = Debug|Any CPU
		{C7C3F2AC-7D24-45AB-8587-2A6F8C2BD847}.Release|Any CPU.ActiveCfg = Release|Any CPU
		{C7C3F2AC-7D24-45AB-8587-2A6F8C2BD847}.Release|Any CPU.Build.0 = Release|Any CPU
		{2554081F-56FF-4DB3-B88A-57CD41575093}.Debug|Any CPU.ActiveCfg = Debug|Any CPU
		{2554081F-56FF-4DB3-B88A-57CD41575093}.Debug|Any CPU.Build.0 = Debug|Any CPU
		{2554081F-56FF-4DB3-B88A-57CD41575093}.Release|Any CPU.ActiveCfg = Release|Any CPU
		{2554081F-56FF-4DB3-B88A-57CD41575093}.Release|Any CPU.Build.0 = Release|Any CPU
		{BD342BFB-CD4C-4102-80C1-F7C33185B3A9}.Debug|Any CPU.ActiveCfg = Debug|Any CPU
		{BD342BFB-CD4C-4102-80C1-F7C33185B3A9}.Debug|Any CPU.Build.0 = Debug|Any CPU
		{BD342BFB-CD4C-4102-80C1-F7C33185B3A9}.Release|Any CPU.ActiveCfg = Release|Any CPU
		{BD342BFB-CD4C-4102-80C1-F7C33185B3A9}.Release|Any CPU.Build.0 = Release|Any CPU
		{DF976DEC-DA8F-4933-91B4-CB07D5A2850E}.Debug|Any CPU.ActiveCfg = Debug|Any CPU
		{DF976DEC-DA8F-4933-91B4-CB07D5A2850E}.Debug|Any CPU.Build.0 = Debug|Any CPU
		{DF976DEC-DA8F-4933-91B4-CB07D5A2850E}.Release|Any CPU.ActiveCfg = Release|Any CPU
		{DF976DEC-DA8F-4933-91B4-CB07D5A2850E}.Release|Any CPU.Build.0 = Release|Any CPU
		{F38C638C-BD91-4237-B295-024BAA59E292}.Debug|Any CPU.ActiveCfg = Debug|Any CPU
		{F38C638C-BD91-4237-B295-024BAA59E292}.Debug|Any CPU.Build.0 = Debug|Any CPU
		{F38C638C-BD91-4237-B295-024BAA59E292}.Release|Any CPU.ActiveCfg = Release|Any CPU
		{F38C638C-BD91-4237-B295-024BAA59E292}.Release|Any CPU.Build.0 = Release|Any CPU
		{0DC8892F-1076-4893-8AC7-9CE43F94ACCA}.Debug|Any CPU.ActiveCfg = Debug|Any CPU
		{0DC8892F-1076-4893-8AC7-9CE43F94ACCA}.Debug|Any CPU.Build.0 = Debug|Any CPU
		{0DC8892F-1076-4893-8AC7-9CE43F94ACCA}.Release|Any CPU.ActiveCfg = Release|Any CPU
		{0DC8892F-1076-4893-8AC7-9CE43F94ACCA}.Release|Any CPU.Build.0 = Release|Any CPU
		{7EDF6F41-52C3-4A16-9E78-93A871334AF7}.Debug|Any CPU.ActiveCfg = Debug|Any CPU
		{7EDF6F41-52C3-4A16-9E78-93A871334AF7}.Debug|Any CPU.Build.0 = Debug|Any CPU
		{7EDF6F41-52C3-4A16-9E78-93A871334AF7}.Release|Any CPU.ActiveCfg = Release|Any CPU
		{7EDF6F41-52C3-4A16-9E78-93A871334AF7}.Release|Any CPU.Build.0 = Release|Any CPU
		{EE699A86-FFDF-4B5C-809C-DF9D5C6949E5}.Debug|Any CPU.ActiveCfg = Debug|Any CPU
		{EE699A86-FFDF-4B5C-809C-DF9D5C6949E5}.Debug|Any CPU.Build.0 = Debug|Any CPU
		{EE699A86-FFDF-4B5C-809C-DF9D5C6949E5}.Release|Any CPU.ActiveCfg = Release|Any CPU
		{EE699A86-FFDF-4B5C-809C-DF9D5C6949E5}.Release|Any CPU.Build.0 = Release|Any CPU
		{CE1FF7AC-575E-4FC6-9D1A-906EE6FA1FE1}.Debug|Any CPU.ActiveCfg = Debug|Any CPU
		{CE1FF7AC-575E-4FC6-9D1A-906EE6FA1FE1}.Debug|Any CPU.Build.0 = Debug|Any CPU
		{CE1FF7AC-575E-4FC6-9D1A-906EE6FA1FE1}.Release|Any CPU.ActiveCfg = Release|Any CPU
		{CE1FF7AC-575E-4FC6-9D1A-906EE6FA1FE1}.Release|Any CPU.Build.0 = Release|Any CPU
		{BFD599C1-460C-4DB3-A256-D6D3BDBDF9CF}.Debug|Any CPU.ActiveCfg = Debug|Any CPU
		{BFD599C1-460C-4DB3-A256-D6D3BDBDF9CF}.Debug|Any CPU.Build.0 = Debug|Any CPU
		{BFD599C1-460C-4DB3-A256-D6D3BDBDF9CF}.Release|Any CPU.ActiveCfg = Release|Any CPU
		{BFD599C1-460C-4DB3-A256-D6D3BDBDF9CF}.Release|Any CPU.Build.0 = Release|Any CPU
		{C020BDF1-9E94-4D46-A817-D4C2B97DC2D7}.Debug|Any CPU.ActiveCfg = Debug|Any CPU
		{C020BDF1-9E94-4D46-A817-D4C2B97DC2D7}.Debug|Any CPU.Build.0 = Debug|Any CPU
		{C020BDF1-9E94-4D46-A817-D4C2B97DC2D7}.Release|Any CPU.ActiveCfg = Release|Any CPU
		{C020BDF1-9E94-4D46-A817-D4C2B97DC2D7}.Release|Any CPU.Build.0 = Release|Any CPU
		{BB84BF95-3DB7-461C-9A02-16E214077F2B}.Debug|Any CPU.ActiveCfg = Debug|Any CPU
		{BB84BF95-3DB7-461C-9A02-16E214077F2B}.Debug|Any CPU.Build.0 = Debug|Any CPU
		{BB84BF95-3DB7-461C-9A02-16E214077F2B}.Release|Any CPU.ActiveCfg = Release|Any CPU
		{BB84BF95-3DB7-461C-9A02-16E214077F2B}.Release|Any CPU.Build.0 = Release|Any CPU
		{AFEAF06E-F1A4-4901-85BA-9351ADB104B4}.Debug|Any CPU.ActiveCfg = Debug|Any CPU
		{AFEAF06E-F1A4-4901-85BA-9351ADB104B4}.Debug|Any CPU.Build.0 = Debug|Any CPU
		{AFEAF06E-F1A4-4901-85BA-9351ADB104B4}.Release|Any CPU.ActiveCfg = Release|Any CPU
		{AFEAF06E-F1A4-4901-85BA-9351ADB104B4}.Release|Any CPU.Build.0 = Release|Any CPU
	EndGlobalSection
	GlobalSection(SolutionProperties) = preSolution
		HideSolutionNode = FALSE
	EndGlobalSection
	GlobalSection(ExtensibilityGlobals) = postSolution
		SolutionGuid = {CB3A8055-BE3E-4D85-A57B-9953D031FA6F}
	EndGlobalSection
EndGlobal
