
Microsoft Visual Studio Solution File, Format Version 12.00
# Visual Studio Version 17
VisualStudioVersion = 17.11.35222.181
MinimumVisualStudioVersion = 10.0.40219.1
Project("{FAE04EC0-301F-11D3-BF4B-00C04F79EFBC}") = "tipoHeranca", "tipoHeranca.csproj", "{89AE5D91-EFC2-4127-901D-89A82E1BA3CA}"
EndProject
Global
	GlobalSection(SolutionConfigurationPlatforms) = preSolution
		Debug|Any CPU = Debug|Any CPU
		Release|Any CPU = Release|Any CPU
	EndGlobalSection
	GlobalSection(ProjectConfigurationPlatforms) = postSolution
		{89AE5D91-EFC2-4127-901D-89A82E1BA3CA}.Debug|Any CPU.ActiveCfg = Debug|Any CPU
		{89AE5D91-EFC2-4127-901D-89A82E1BA3CA}.Debug|Any CPU.Build.0 = Debug|Any CPU
		{89AE5D91-EFC2-4127-901D-89A82E1BA3CA}.Release|Any CPU.ActiveCfg = Release|Any CPU
		{89AE5D91-EFC2-4127-901D-89A82E1BA3CA}.Release|Any CPU.Build.0 = Release|Any CPU
	EndGlobalSection
	GlobalSection(SolutionProperties) = preSolution
		HideSolutionNode = FALSE
	EndGlobalSection
	GlobalSection(ExtensibilityGlobals) = postSolution
		SolutionGuid = {D9D8E6A6-BB1F-4FD8-8746-80F2E83D6CE6}
	EndGlobalSection
EndGlobal
