
Microsoft Visual Studio Solution File, Format Version 12.00
Project("{FAE04EC0-301F-11D3-BF4B-00C04F79EFBC}") = "lambda_expression", "lambda_expression\lambda_expression.csproj", "{196338E8-95FF-41CB-AD93-BD8A849F9F9F}"
EndProject
Global
	GlobalSection(SolutionConfigurationPlatforms) = preSolution
		Debug|Any CPU = Debug|Any CPU
		Release|Any CPU = Release|Any CPU
	EndGlobalSection
	GlobalSection(ProjectConfigurationPlatforms) = postSolution
		{196338E8-95FF-41CB-AD93-BD8A849F9F9F}.Debug|Any CPU.ActiveCfg = Debug|Any CPU
		{196338E8-95FF-41CB-AD93-BD8A849F9F9F}.Debug|Any CPU.Build.0 = Debug|Any CPU
		{196338E8-95FF-41CB-AD93-BD8A849F9F9F}.Release|Any CPU.ActiveCfg = Release|Any CPU
		{196338E8-95FF-41CB-AD93-BD8A849F9F9F}.Release|Any CPU.Build.0 = Release|Any CPU
	EndGlobalSection
EndGlobal
