
Microsoft Visual Studio Solution File, Format Version 12.00
Project("{FAE04EC0-301F-11D3-BF4B-00C04F79EFBC}") = "Func", "Func\Func.csproj", "{637A73AD-DBE3-4F1D-A27E-6A7C0A556491}"
EndProject
Global
	GlobalSection(SolutionConfigurationPlatforms) = preSolution
		Debug|Any CPU = Debug|Any CPU
		Release|Any CPU = Release|Any CPU
	EndGlobalSection
	GlobalSection(ProjectConfigurationPlatforms) = postSolution
		{637A73AD-DBE3-4F1D-A27E-6A7C0A556491}.Debug|Any CPU.ActiveCfg = Debug|Any CPU
		{637A73AD-DBE3-4F1D-A27E-6A7C0A556491}.Debug|Any CPU.Build.0 = Debug|Any CPU
		{637A73AD-DBE3-4F1D-A27E-6A7C0A556491}.Release|Any CPU.ActiveCfg = Release|Any CPU
		{637A73AD-DBE3-4F1D-A27E-6A7C0A556491}.Release|Any CPU.Build.0 = Release|Any CPU
	EndGlobalSection
EndGlobal
