
Microsoft Visual Studio Solution File, Format Version 12.00
Project("{FAE04EC0-301F-11D3-BF4B-00C04F79EFBC}") = "filtro_excecoes", "filtro_excecoes\filtro_excecoes.csproj", "{62572C98-B5D1-4830-9936-A25BF4218EBC}"
EndProject
Global
	GlobalSection(SolutionConfigurationPlatforms) = preSolution
		Debug|Any CPU = Debug|Any CPU
		Release|Any CPU = Release|Any CPU
	EndGlobalSection
	GlobalSection(ProjectConfigurationPlatforms) = postSolution
		{62572C98-B5D1-4830-9936-A25BF4218EBC}.Debug|Any CPU.ActiveCfg = Debug|Any CPU
		{62572C98-B5D1-4830-9936-A25BF4218EBC}.Debug|Any CPU.Build.0 = Debug|Any CPU
		{62572C98-B5D1-4830-9936-A25BF4218EBC}.Release|Any CPU.ActiveCfg = Release|Any CPU
		{62572C98-B5D1-4830-9936-A25BF4218EBC}.Release|Any CPU.Build.0 = Release|Any CPU
	EndGlobalSection
EndGlobal
