
Microsoft Visual Studio Solution File, Format Version 12.00
Project("{FAE04EC0-301F-11D3-BF4B-00C04F79EFBC}") = "StackII", "StackII\StackII.csproj", "{E6772744-FE72-43CE-B7F2-8B4963DD52A9}"
EndProject
Global
	GlobalSection(SolutionConfigurationPlatforms) = preSolution
		Debug|Any CPU = Debug|Any CPU
		Release|Any CPU = Release|Any CPU
	EndGlobalSection
	GlobalSection(ProjectConfigurationPlatforms) = postSolution
		{E6772744-FE72-43CE-B7F2-8B4963DD52A9}.Debug|Any CPU.ActiveCfg = Debug|Any CPU
		{E6772744-FE72-43CE-B7F2-8B4963DD52A9}.Debug|Any CPU.Build.0 = Debug|Any CPU
		{E6772744-FE72-43CE-B7F2-8B4963DD52A9}.Release|Any CPU.ActiveCfg = Release|Any CPU
		{E6772744-FE72-43CE-B7F2-8B4963DD52A9}.Release|Any CPU.Build.0 = Release|Any CPU
	EndGlobalSection
EndGlobal
