
Microsoft Visual Studio Solution File, Format Version 12.00
# Visual Studio Version 17
VisualStudioVersion = 17.13.35806.99 d17.13
MinimumVisualStudioVersion = 10.0.40219.1
Project("{FAE04EC0-301F-11D3-BF4B-00C04F79EFBC}") = "async_programming_task_taskT", "async_programming_task_taskT.csproj", "{55C991AC-A713-4568-9DF1-2B97DB2310BE}"
EndProject
Global
	GlobalSection(SolutionConfigurationPlatforms) = preSolution
		Debug|Any CPU = Debug|Any CPU
		Release|Any CPU = Release|Any CPU
	EndGlobalSection
	GlobalSection(ProjectConfigurationPlatforms) = postSolution
		{55C991AC-A713-4568-9DF1-2B97DB2310BE}.Debug|Any CPU.ActiveCfg = Debug|Any CPU
		{55C991AC-A713-4568-9DF1-2B97DB2310BE}.Debug|Any CPU.Build.0 = Debug|Any CPU
		{55C991AC-A713-4568-9DF1-2B97DB2310BE}.Release|Any CPU.ActiveCfg = Release|Any CPU
		{55C991AC-A713-4568-9DF1-2B97DB2310BE}.Release|Any CPU.Build.0 = Release|Any CPU
	EndGlobalSection
	GlobalSection(SolutionProperties) = preSolution
		HideSolutionNode = FALSE
	EndGlobalSection
	GlobalSection(ExtensibilityGlobals) = postSolution
		SolutionGuid = {EDF0BD9F-57A1-4DED-81A2-B7F08EE9EBDB}
	EndGlobalSection
EndGlobal
