
Microsoft Visual Studio Solution File, Format Version 12.00
# Visual Studio Version 17
VisualStudioVersion = 17.7.34031.279
MinimumVisualStudioVersion = 10.0.40219.1
Project("{9A19103F-16F7-4668-BE54-9A1E7A4F7556}") = "ArraysI", "ArraysI.csproj", "{A0AFEF22-EBEA-41A4-8FCB-4A4A3D86E8B2}"
EndProject
Project("{9A19103F-16F7-4668-BE54-9A1E7A4F7556}") = "ArraysII", "..\ArraysII\ArraysII.csproj", "{C1281798-D815-4AFD-B866-632BE7437863}"
EndProject
Project("{9A19103F-16F7-4668-BE54-9A1E7A4F7556}") = "ArraysIII", "..\ArraysIII\ArraysIII.csproj", "{51C738C0-7C28-4C35-8501-BB6F31F61555}"
EndProject
Project("{9A19103F-16F7-4668-BE54-9A1E7A4F7556}") = "ClasseArray", "..\ClasseArray\ClasseArray.csproj", "{1754F9FD-888B-4C75-A6C0-8D3D88A532FA}"
EndProject
Project("{9A19103F-16F7-4668-BE54-9A1E7A4F7556}") = "ExercicioArray", "..\ExercicioArray\ExercicioArray.csproj", "{FE762845-CD3F-4CCD-BDE2-C572EB64570D}"
EndProject
Project("{9A19103F-16F7-4668-BE54-9A1E7A4F7556}") = "ModificadorParams", "..\ModificadorParams\ModificadorParams.csproj", "{061B7AE8-F514-4372-89D3-5B2B08603C51}"
EndProject
Project("{9A19103F-16F7-4668-BE54-9A1E7A4F7556}") = "ArraysMultiDimensionais", "..\ArraysMultiDimensionais\ArraysMultiDimensionais.csproj", "{84FC86E2-014C-49F8-B31D-0B38A17B9CA9}"
EndProject
Project("{9A19103F-16F7-4668-BE54-9A1E7A4F7556}") = "ArraysMultiDimensionaisII", "..\ArraysMultiDimensionaisII\ArraysMultiDimensionaisII.csproj", "{2CA09F28-9791-44F6-8178-ECE310027CFA}"
EndProject
Project("{9A19103F-16F7-4668-BE54-9A1E7A4F7556}") = "ExercicioArraysBidimensionais", "..\ExercicioArraysBidimensionais\ExercicioArraysBidimensionais.csproj", "{0D9B6BB1-6F5C-4946-A041-682FAF69CF71}"
EndProject
Project("{9A19103F-16F7-4668-BE54-9A1E7A4F7556}") = "ArrayListI", "..\ArrayListI\ArrayListI.csproj", "{838769BD-E841-493F-97AF-620526C5C07D}"
EndProject
Project("{9A19103F-16F7-4668-BE54-9A1E7A4F7556}") = "ArrayListII", "..\ArrayListII\ArrayListII.csproj", "{501290F7-3195-4513-B367-0B8BC26BD730}"
EndProject
Project("{FAE04EC0-301F-11D3-BF4B-00C04F79EFBC}") = "ArrayListIII", "..\ArrayListIII\ArrayListIII.csproj", "{2F02C5DE-2A92-4F94-A4F4-704C9F3F27DA}"
EndProject
Global
	GlobalSection(SolutionConfigurationPlatforms) = preSolution
		Debug|Any CPU = Debug|Any CPU
		Release|Any CPU = Release|Any CPU
	EndGlobalSection
	GlobalSection(ProjectConfigurationPlatforms) = postSolution
		{A0AFEF22-EBEA-41A4-8FCB-4A4A3D86E8B2}.Debug|Any CPU.ActiveCfg = Debug|Any CPU
		{A0AFEF22-EBEA-41A4-8FCB-4A4A3D86E8B2}.Debug|Any CPU.Build.0 = Debug|Any CPU
		{A0AFEF22-EBEA-41A4-8FCB-4A4A3D86E8B2}.Release|Any CPU.ActiveCfg = Release|Any CPU
		{A0AFEF22-EBEA-41A4-8FCB-4A4A3D86E8B2}.Release|Any CPU.Build.0 = Release|Any CPU
		{C1281798-D815-4AFD-B866-632BE7437863}.Debug|Any CPU.ActiveCfg = Debug|Any CPU
		{C1281798-D815-4AFD-B866-632BE7437863}.Debug|Any CPU.Build.0 = Debug|Any CPU
		{C1281798-D815-4AFD-B866-632BE7437863}.Release|Any CPU.ActiveCfg = Release|Any CPU
		{C1281798-D815-4AFD-B866-632BE7437863}.Release|Any CPU.Build.0 = Release|Any CPU
		{51C738C0-7C28-4C35-8501-BB6F31F61555}.Debug|Any CPU.ActiveCfg = Debug|Any CPU
		{51C738C0-7C28-4C35-8501-BB6F31F61555}.Debug|Any CPU.Build.0 = Debug|Any CPU
		{51C738C0-7C28-4C35-8501-BB6F31F61555}.Release|Any CPU.ActiveCfg = Release|Any CPU
		{51C738C0-7C28-4C35-8501-BB6F31F61555}.Release|Any CPU.Build.0 = Release|Any CPU
		{1754F9FD-888B-4C75-A6C0-8D3D88A532FA}.Debug|Any CPU.ActiveCfg = Debug|Any CPU
		{1754F9FD-888B-4C75-A6C0-8D3D88A532FA}.Debug|Any CPU.Build.0 = Debug|Any CPU
		{1754F9FD-888B-4C75-A6C0-8D3D88A532FA}.Release|Any CPU.ActiveCfg = Release|Any CPU
		{1754F9FD-888B-4C75-A6C0-8D3D88A532FA}.Release|Any CPU.Build.0 = Release|Any CPU
		{FE762845-CD3F-4CCD-BDE2-C572EB64570D}.Debug|Any CPU.ActiveCfg = Debug|Any CPU
		{FE762845-CD3F-4CCD-BDE2-C572EB64570D}.Debug|Any CPU.Build.0 = Debug|Any CPU
		{FE762845-CD3F-4CCD-BDE2-C572EB64570D}.Release|Any CPU.ActiveCfg = Release|Any CPU
		{FE762845-CD3F-4CCD-BDE2-C572EB64570D}.Release|Any CPU.Build.0 = Release|Any CPU
		{061B7AE8-F514-4372-89D3-5B2B08603C51}.Debug|Any CPU.ActiveCfg = Debug|Any CPU
		{061B7AE8-F514-4372-89D3-5B2B08603C51}.Debug|Any CPU.Build.0 = Debug|Any CPU
		{061B7AE8-F514-4372-89D3-5B2B08603C51}.Release|Any CPU.ActiveCfg = Release|Any CPU
		{061B7AE8-F514-4372-89D3-5B2B08603C51}.Release|Any CPU.Build.0 = Release|Any CPU
		{84FC86E2-014C-49F8-B31D-0B38A17B9CA9}.Debug|Any CPU.ActiveCfg = Debug|Any CPU
		{84FC86E2-014C-49F8-B31D-0B38A17B9CA9}.Debug|Any CPU.Build.0 = Debug|Any CPU
		{84FC86E2-014C-49F8-B31D-0B38A17B9CA9}.Release|Any CPU.ActiveCfg = Release|Any CPU
		{84FC86E2-014C-49F8-B31D-0B38A17B9CA9}.Release|Any CPU.Build.0 = Release|Any CPU
		{2CA09F28-9791-44F6-8178-ECE310027CFA}.Debug|Any CPU.ActiveCfg = Debug|Any CPU
		{2CA09F28-9791-44F6-8178-ECE310027CFA}.Debug|Any CPU.Build.0 = Debug|Any CPU
		{2CA09F28-9791-44F6-8178-ECE310027CFA}.Release|Any CPU.ActiveCfg = Release|Any CPU
		{2CA09F28-9791-44F6-8178-ECE310027CFA}.Release|Any CPU.Build.0 = Release|Any CPU
		{0D9B6BB1-6F5C-4946-A041-682FAF69CF71}.Debug|Any CPU.ActiveCfg = Debug|Any CPU
		{0D9B6BB1-6F5C-4946-A041-682FAF69CF71}.Debug|Any CPU.Build.0 = Debug|Any CPU
		{0D9B6BB1-6F5C-4946-A041-682FAF69CF71}.Release|Any CPU.ActiveCfg = Release|Any CPU
		{0D9B6BB1-6F5C-4946-A041-682FAF69CF71}.Release|Any CPU.Build.0 = Release|Any CPU
		{838769BD-E841-493F-97AF-620526C5C07D}.Debug|Any CPU.ActiveCfg = Debug|Any CPU
		{838769BD-E841-493F-97AF-620526C5C07D}.Debug|Any CPU.Build.0 = Debug|Any CPU
		{838769BD-E841-493F-97AF-620526C5C07D}.Release|Any CPU.ActiveCfg = Release|Any CPU
		{838769BD-E841-493F-97AF-620526C5C07D}.Release|Any CPU.Build.0 = Release|Any CPU
		{501290F7-3195-4513-B367-0B8BC26BD730}.Debug|Any CPU.ActiveCfg = Debug|Any CPU
		{501290F7-3195-4513-B367-0B8BC26BD730}.Debug|Any CPU.Build.0 = Debug|Any CPU
		{501290F7-3195-4513-B367-0B8BC26BD730}.Release|Any CPU.ActiveCfg = Release|Any CPU
		{501290F7-3195-4513-B367-0B8BC26BD730}.Release|Any CPU.Build.0 = Release|Any CPU
		{2F02C5DE-2A92-4F94-A4F4-704C9F3F27DA}.Debug|Any CPU.ActiveCfg = Debug|Any CPU
		{2F02C5DE-2A92-4F94-A4F4-704C9F3F27DA}.Debug|Any CPU.Build.0 = Debug|Any CPU
		{2F02C5DE-2A92-4F94-A4F4-704C9F3F27DA}.Release|Any CPU.ActiveCfg = Release|Any CPU
		{2F02C5DE-2A92-4F94-A4F4-704C9F3F27DA}.Release|Any CPU.Build.0 = Release|Any CPU
	EndGlobalSection
	GlobalSection(SolutionProperties) = preSolution
		HideSolutionNode = FALSE
	EndGlobalSection
	GlobalSection(ExtensibilityGlobals) = postSolution
		SolutionGuid = {94B66D8B-5868-49E0-BD38-224516686719}
	EndGlobalSection
EndGlobal
