
Microsoft Visual Studio Solution File, Format Version 12.00
# Visual Studio Version 17
VisualStudioVersion = 17.13.35931.197 d17.13
MinimumVisualStudioVersion = 10.0.40219.1
Project("{FAE04EC0-301F-11D3-BF4B-00C04F79EFBC}") = "records_II", "records_II\records_II.csproj", "{031AD97C-15C9-49CD-9554-D4246A5D42AB}"
EndProject
Global
	GlobalSection(SolutionConfigurationPlatforms) = preSolution
		Debug|Any CPU = Debug|Any CPU
		Release|Any CPU = Release|Any CPU
	EndGlobalSection
	GlobalSection(ProjectConfigurationPlatforms) = postSolution
		{031AD97C-15C9-49CD-9554-D4246A5D42AB}.Debug|Any CPU.ActiveCfg = Debug|Any CPU
		{031AD97C-15C9-49CD-9554-D4246A5D42AB}.Debug|Any CPU.Build.0 = Debug|Any CPU
		{031AD97C-15C9-49CD-9554-D4246A5D42AB}.Release|Any CPU.ActiveCfg = Release|Any CPU
		{031AD97C-15C9-49CD-9554-D4246A5D42AB}.Release|Any CPU.Build.0 = Release|Any CPU
	EndGlobalSection
	GlobalSection(SolutionProperties) = preSolution
		HideSolutionNode = FALSE
	EndGlobalSection
	GlobalSection(ExtensibilityGlobals) = postSolution
		SolutionGuid = {BE2FBC2D-D6A7-4F05-88B2-ABE35939F22D}
	EndGlobalSection
EndGlobal
