
Microsoft Visual Studio Solution File, Format Version 12.00
Project("{FAE04EC0-301F-11D3-BF4B-00C04F79EFBC}") = "methods_extension", "methods_extension\methods_extension.csproj", "{51852F1C-3701-4DBF-9F65-EC3DB22F39BB}"
EndProject
Global
	GlobalSection(SolutionConfigurationPlatforms) = preSolution
		Debug|Any CPU = Debug|Any CPU
		Release|Any CPU = Release|Any CPU
	EndGlobalSection
	GlobalSection(ProjectConfigurationPlatforms) = postSolution
		{51852F1C-3701-4DBF-9F65-EC3DB22F39BB}.Debug|Any CPU.ActiveCfg = Debug|Any CPU
		{51852F1C-3701-4DBF-9F65-EC3DB22F39BB}.Debug|Any CPU.Build.0 = Debug|Any CPU
		{51852F1C-3701-4DBF-9F65-EC3DB22F39BB}.Release|Any CPU.ActiveCfg = Release|Any CPU
		{51852F1C-3701-4DBF-9F65-EC3DB22F39BB}.Release|Any CPU.Build.0 = Release|Any CPU
	EndGlobalSection
EndGlobal
