
Microsoft Visual Studio Solution File, Format Version 12.00
# Visual Studio Version 17
VisualStudioVersion = 17.11.35222.181
MinimumVisualStudioVersion = 10.0.40219.1
Project("{FAE04EC0-301F-11D3-BF4B-00C04F79EFBC}") = "operador_is_e_as_fix", "operador_is_e_as_fix.csproj", "{315907BD-CE9E-424E-92F4-22D69C71F8E8}"
EndProject
Global
	GlobalSection(SolutionConfigurationPlatforms) = preSolution
		Debug|Any CPU = Debug|Any CPU
		Release|Any CPU = Release|Any CPU
	EndGlobalSection
	GlobalSection(ProjectConfigurationPlatforms) = postSolution
		{315907BD-CE9E-424E-92F4-22D69C71F8E8}.Debug|Any CPU.ActiveCfg = Debug|Any CPU
		{315907BD-CE9E-424E-92F4-22D69C71F8E8}.Debug|Any CPU.Build.0 = Debug|Any CPU
		{315907BD-CE9E-424E-92F4-22D69C71F8E8}.Release|Any CPU.ActiveCfg = Release|Any CPU
		{315907BD-CE9E-424E-92F4-22D69C71F8E8}.Release|Any CPU.Build.0 = Release|Any CPU
	EndGlobalSection
	GlobalSection(SolutionProperties) = preSolution
		HideSolutionNode = FALSE
	EndGlobalSection
	GlobalSection(ExtensibilityGlobals) = postSolution
		SolutionGuid = {3D705254-DB41-4A36-923A-A9FE41136508}
	EndGlobalSection
EndGlobal
