
Microsoft Visual Studio Solution File, Format Version 12.00
# Visual Studio Version 17
VisualStudioVersion = 17.13.35806.99 d17.13
MinimumVisualStudioVersion = 10.0.40219.1
Project("{FAE04EC0-301F-11D3-BF4B-00C04F79EFBC}") = "recommendations_async", "recommendations_async.csproj", "{31C6F804-4A1A-4F08-B93C-E4F6B686CF70}"
EndProject
Global
	GlobalSection(SolutionConfigurationPlatforms) = preSolution
		Debug|Any CPU = Debug|Any CPU
		Release|Any CPU = Release|Any CPU
	EndGlobalSection
	GlobalSection(ProjectConfigurationPlatforms) = postSolution
		{31C6F804-4A1A-4F08-B93C-E4F6B686CF70}.Debug|Any CPU.ActiveCfg = Debug|Any CPU
		{31C6F804-4A1A-4F08-B93C-E4F6B686CF70}.Debug|Any CPU.Build.0 = Debug|Any CPU
		{31C6F804-4A1A-4F08-B93C-E4F6B686CF70}.Release|Any CPU.ActiveCfg = Release|Any CPU
		{31C6F804-4A1A-4F08-B93C-E4F6B686CF70}.Release|Any CPU.Build.0 = Release|Any CPU
	EndGlobalSection
	GlobalSection(SolutionProperties) = preSolution
		HideSolutionNode = FALSE
	EndGlobalSection
	GlobalSection(ExtensibilityGlobals) = postSolution
		SolutionGuid = {439F0D4D-D07E-418B-9B2D-D45C20E5AF01}
	EndGlobalSection
EndGlobal
