
Microsoft Visual Studio Solution File, Format Version 12.00
# Visual Studio Version 17
VisualStudioVersion = 17.11.35222.181
MinimumVisualStudioVersion = 10.0.40219.1
Project("{FAE04EC0-301F-11D3-BF4B-00C04F79EFBC}") = "sealed", "sealed.csproj", "{16B27DB3-CD88-42F1-851C-3F3E4CE82971}"
EndProject
Global
	GlobalSection(SolutionConfigurationPlatforms) = preSolution
		Debug|Any CPU = Debug|Any CPU
		Release|Any CPU = Release|Any CPU
	EndGlobalSection
	GlobalSection(ProjectConfigurationPlatforms) = postSolution
		{16B27DB3-CD88-42F1-851C-3F3E4CE82971}.Debug|Any CPU.ActiveCfg = Debug|Any CPU
		{16B27DB3-CD88-42F1-851C-3F3E4CE82971}.Debug|Any CPU.Build.0 = Debug|Any CPU
		{16B27DB3-CD88-42F1-851C-3F3E4CE82971}.Release|Any CPU.ActiveCfg = Release|Any CPU
		{16B27DB3-CD88-42F1-851C-3F3E4CE82971}.Release|Any CPU.Build.0 = Release|Any CPU
	EndGlobalSection
	GlobalSection(SolutionProperties) = preSolution
		HideSolutionNode = FALSE
	EndGlobalSection
	GlobalSection(ExtensibilityGlobals) = postSolution
		SolutionGuid = {6B8791E4-9560-451C-BAE4-E2EEC6D10840}
	EndGlobalSection
EndGlobal
