
Microsoft Visual Studio Solution File, Format Version 12.00
Project("{FAE04EC0-301F-11D3-BF4B-00C04F79EFBC}") = "alertTemperature", "alertTemperature\alertTemperature.csproj", "{1A0A4CB0-BDFD-42EE-8C7C-8C014FEB653D}"
EndProject
Global
	GlobalSection(SolutionConfigurationPlatforms) = preSolution
		Debug|Any CPU = Debug|Any CPU
		Release|Any CPU = Release|Any CPU
	EndGlobalSection
	GlobalSection(ProjectConfigurationPlatforms) = postSolution
		{1A0A4CB0-BDFD-42EE-8C7C-8C014FEB653D}.Debug|Any CPU.ActiveCfg = Debug|Any CPU
		{1A0A4CB0-BDFD-42EE-8C7C-8C014FEB653D}.Debug|Any CPU.Build.0 = Debug|Any CPU
		{1A0A4CB0-BDFD-42EE-8C7C-8C014FEB653D}.Release|Any CPU.ActiveCfg = Release|Any CPU
		{1A0A4CB0-BDFD-42EE-8C7C-8C014FEB653D}.Release|Any CPU.Build.0 = Release|Any CPU
	EndGlobalSection
EndGlobal
