
Microsoft Visual Studio Solution File, Format Version 12.00
# Visual Studio Version 17
VisualStudioVersion = 17.13.35806.99 d17.13
MinimumVisualStudioVersion = 10.0.40219.1
Project("{FAE04EC0-301F-11D3-BF4B-00C04F79EFBC}") = "serialization_and_desialization", "serialization_and_desialization\serialization_and_desialization.csproj", "{714A0D12-1ECB-43BE-ABC4-E7742EFC7158}"
EndProject
Global
	GlobalSection(SolutionConfigurationPlatforms) = preSolution
		Debug|Any CPU = Debug|Any CPU
		Release|Any CPU = Release|Any CPU
	EndGlobalSection
	GlobalSection(ProjectConfigurationPlatforms) = postSolution
		{714A0D12-1ECB-43BE-ABC4-E7742EFC7158}.Debug|Any CPU.ActiveCfg = Debug|Any CPU
		{714A0D12-1ECB-43BE-ABC4-E7742EFC7158}.Debug|Any CPU.Build.0 = Debug|Any CPU
		{714A0D12-1ECB-43BE-ABC4-E7742EFC7158}.Release|Any CPU.ActiveCfg = Release|Any CPU
		{714A0D12-1ECB-43BE-ABC4-E7742EFC7158}.Release|Any CPU.Build.0 = Release|Any CPU
	EndGlobalSection
	GlobalSection(SolutionProperties) = preSolution
		HideSolutionNode = FALSE
	EndGlobalSection
	GlobalSection(ExtensibilityGlobals) = postSolution
		SolutionGuid = {F57CD647-55B4-4893-B952-B24B84C1A9E9}
	EndGlobalSection
EndGlobal
