
Microsoft Visual Studio Solution File, Format Version 12.00
Project("{FAE04EC0-301F-11D3-BF4B-00C04F79EFBC}") = "primary_construct", "primary_construct\primary_construct.csproj", "{8DA27D17-161B-41D1-A279-EFD877B05766}"
EndProject
Global
	GlobalSection(SolutionConfigurationPlatforms) = preSolution
		Debug|Any CPU = Debug|Any CPU
		Release|Any CPU = Release|Any CPU
	EndGlobalSection
	GlobalSection(ProjectConfigurationPlatforms) = postSolution
		{8DA27D17-161B-41D1-A279-EFD877B05766}.Debug|Any CPU.ActiveCfg = Debug|Any CPU
		{8DA27D17-161B-41D1-A279-EFD877B05766}.Debug|Any CPU.Build.0 = Debug|Any CPU
		{8DA27D17-161B-41D1-A279-EFD877B05766}.Release|Any CPU.ActiveCfg = Release|Any CPU
		{8DA27D17-161B-41D1-A279-EFD877B05766}.Release|Any CPU.Build.0 = Release|Any CPU
	EndGlobalSection
EndGlobal
