
Microsoft Visual Studio Solution File, Format Version 12.00
# Visual Studio Version 17
VisualStudioVersion = 17.11.35222.181
MinimumVisualStudioVersion = 10.0.40219.1
Project("{FAE04EC0-301F-11D3-BF4B-00C04F79EFBC}") = "interface", "interface.csproj", "{2F4FB4C7-A669-4217-88FB-65C1E1B2B67B}"
EndProject
Global
	GlobalSection(SolutionConfigurationPlatforms) = preSolution
		Debug|Any CPU = Debug|Any CPU
		Release|Any CPU = Release|Any CPU
	EndGlobalSection
	GlobalSection(ProjectConfigurationPlatforms) = postSolution
		{2F4FB4C7-A669-4217-88FB-65C1E1B2B67B}.Debug|Any CPU.ActiveCfg = Debug|Any CPU
		{2F4FB4C7-A669-4217-88FB-65C1E1B2B67B}.Debug|Any CPU.Build.0 = Debug|Any CPU
		{2F4FB4C7-A669-4217-88FB-65C1E1B2B67B}.Release|Any CPU.ActiveCfg = Release|Any CPU
		{2F4FB4C7-A669-4217-88FB-65C1E1B2B67B}.Release|Any CPU.Build.0 = Release|Any CPU
	EndGlobalSection
	GlobalSection(SolutionProperties) = preSolution
		HideSolutionNode = FALSE
	EndGlobalSection
	GlobalSection(ExtensibilityGlobals) = postSolution
		SolutionGuid = {BB5F87A8-8D5E-4AB5-8BF4-E4E2EE4A5617}
	EndGlobalSection
EndGlobal
