
Microsoft Visual Studio Solution File, Format Version 12.00
# Visual Studio Version 17
VisualStudioVersion = 17.13.35806.99 d17.13
MinimumVisualStudioVersion = 10.0.40219.1
Project("{FAE04EC0-301F-11D3-BF4B-00C04F79EFBC}") = "aggregation_operation", "aggregation_operation.csproj", "{7CFA6EF1-1A7C-449C-8414-76C46B0D45DC}"
EndProject
Global
	GlobalSection(SolutionConfigurationPlatforms) = preSolution
		Debug|Any CPU = Debug|Any CPU
		Release|Any CPU = Release|Any CPU
	EndGlobalSection
	GlobalSection(ProjectConfigurationPlatforms) = postSolution
		{7CFA6EF1-1A7C-449C-8414-76C46B0D45DC}.Debug|Any CPU.ActiveCfg = Debug|Any CPU
		{7CFA6EF1-1A7C-449C-8414-76C46B0D45DC}.Debug|Any CPU.Build.0 = Debug|Any CPU
		{7CFA6EF1-1A7C-449C-8414-76C46B0D45DC}.Release|Any CPU.ActiveCfg = Release|Any CPU
		{7CFA6EF1-1A7C-449C-8414-76C46B0D45DC}.Release|Any CPU.Build.0 = Release|Any CPU
	EndGlobalSection
	GlobalSection(SolutionProperties) = preSolution
		HideSolutionNode = FALSE
	EndGlobalSection
	GlobalSection(ExtensibilityGlobals) = postSolution
		SolutionGuid = {1D49D510-E9E3-4AE8-8912-9F3652E42BB7}
	EndGlobalSection
EndGlobal
