
Microsoft Visual Studio Solution File, Format Version 12.00
Project("{FAE04EC0-301F-11D3-BF4B-00C04F79EFBC}") = "SortedDictionaryII", "SortedDictionaryII\SortedDictionaryII.csproj", "{1C255F77-8ABB-4350-9FEA-0681E9036FC1}"
EndProject
Global
	GlobalSection(SolutionConfigurationPlatforms) = preSolution
		Debug|Any CPU = Debug|Any CPU
		Release|Any CPU = Release|Any CPU
	EndGlobalSection
	GlobalSection(ProjectConfigurationPlatforms) = postSolution
		{1C255F77-8ABB-4350-9FEA-0681E9036FC1}.Debug|Any CPU.ActiveCfg = Debug|Any CPU
		{1C255F77-8ABB-4350-9FEA-0681E9036FC1}.Debug|Any CPU.Build.0 = Debug|Any CPU
		{1C255F77-8ABB-4350-9FEA-0681E9036FC1}.Release|Any CPU.ActiveCfg = Release|Any CPU
		{1C255F77-8ABB-4350-9FEA-0681E9036FC1}.Release|Any CPU.Build.0 = Release|Any CPU
	EndGlobalSection
EndGlobal
