
Microsoft Visual Studio Solution File, Format Version 12.00
# Visual Studio Version 17
VisualStudioVersion = 17.13.35931.197 d17.13
MinimumVisualStudioVersion = 10.0.40219.1
Project("{FAE04EC0-301F-11D3-BF4B-00C04F79EFBC}") = "records_III", "records_III\records_III.csproj", "{E11E3A5A-F129-423A-8FE7-9C6C6EC76E69}"
EndProject
Global
	GlobalSection(SolutionConfigurationPlatforms) = preSolution
		Debug|Any CPU = Debug|Any CPU
		Release|Any CPU = Release|Any CPU
	EndGlobalSection
	GlobalSection(ProjectConfigurationPlatforms) = postSolution
		{E11E3A5A-F129-423A-8FE7-9C6C6EC76E69}.Debug|Any CPU.ActiveCfg = Debug|Any CPU
		{E11E3A5A-F129-423A-8FE7-9C6C6EC76E69}.Debug|Any CPU.Build.0 = Debug|Any CPU
		{E11E3A5A-F129-423A-8FE7-9C6C6EC76E69}.Release|Any CPU.ActiveCfg = Release|Any CPU
		{E11E3A5A-F129-423A-8FE7-9C6C6EC76E69}.Release|Any CPU.Build.0 = Release|Any CPU
	EndGlobalSection
	GlobalSection(SolutionProperties) = preSolution
		HideSolutionNode = FALSE
	EndGlobalSection
	GlobalSection(ExtensibilityGlobals) = postSolution
		SolutionGuid = {221024CE-FBE8-4EEC-A15D-F5554F542509}
	EndGlobalSection
EndGlobal
