
Microsoft Visual Studio Solution File, Format Version 12.00
Project("{FAE04EC0-301F-11D3-BF4B-00C04F79EFBC}") = "delegates", "delegates\delegates.csproj", "{779A09E4-50E5-4050-B1A9-2AB92A4EBAFA}"
EndProject
Global
	GlobalSection(SolutionConfigurationPlatforms) = preSolution
		Debug|Any CPU = Debug|Any CPU
		Release|Any CPU = Release|Any CPU
	EndGlobalSection
	GlobalSection(ProjectConfigurationPlatforms) = postSolution
		{779A09E4-50E5-4050-B1A9-2AB92A4EBAFA}.Debug|Any CPU.ActiveCfg = Debug|Any CPU
		{779A09E4-50E5-4050-B1A9-2AB92A4EBAFA}.Debug|Any CPU.Build.0 = Debug|Any CPU
		{779A09E4-50E5-4050-B1A9-2AB92A4EBAFA}.Release|Any CPU.ActiveCfg = Release|Any CPU
		{779A09E4-50E5-4050-B1A9-2AB92A4EBAFA}.Release|Any CPU.Build.0 = Release|Any CPU
	EndGlobalSection
EndGlobal
