
Microsoft Visual Studio Solution File, Format Version 12.00
# Visual Studio Version 17
VisualStudioVersion = 17.13.35806.99 d17.13
MinimumVisualStudioVersion = 10.0.40219.1
Project("{FAE04EC0-301F-11D3-BF4B-00C04F79EFBC}") = "init_only_properties", "init_only_properties.csproj", "{C32F8D46-4701-4EE6-AEE4-F0DEA8469886}"
EndProject
Global
	GlobalSection(SolutionConfigurationPlatforms) = preSolution
		Debug|Any CPU = Debug|Any CPU
		Release|Any CPU = Release|Any CPU
	EndGlobalSection
	GlobalSection(ProjectConfigurationPlatforms) = postSolution
		{C32F8D46-4701-4EE6-AEE4-F0DEA8469886}.Debug|Any CPU.ActiveCfg = Debug|Any CPU
		{C32F8D46-4701-4EE6-AEE4-F0DEA8469886}.Debug|Any CPU.Build.0 = Debug|Any CPU
		{C32F8D46-4701-4EE6-AEE4-F0DEA8469886}.Release|Any CPU.ActiveCfg = Release|Any CPU
		{C32F8D46-4701-4EE6-AEE4-F0DEA8469886}.Release|Any CPU.Build.0 = Release|Any CPU
	EndGlobalSection
	GlobalSection(SolutionProperties) = preSolution
		HideSolutionNode = FALSE
	EndGlobalSection
	GlobalSection(ExtensibilityGlobals) = postSolution
		SolutionGuid = {4D4E8071-CFC7-41B0-AE5C-1FFB6971AA41}
	EndGlobalSection
EndGlobal
